// !$*UTF8*$!
{
	archiveVersion = 1;
	classes = {
	};
	objectVersion = 46;
	objects = {

/* Begin PBXBuildFile section */
		2A0C19001B6466FB005A5F48 /* Snack.swift in Sources */ = {isa = PBXBuildFile; fileRef = 2A0C18FF1B6466FA005A5F48 /* Snack.swift */; };
		2A0C19011B646723005A5F48 /* Snack.swift in Sources */ = {isa = PBXBuildFile; fileRef = 2A0C18FF1B6466FA005A5F48 /* Snack.swift */; };
		2A7B292E1BAEA8B600EF04FB /* RMSPopUp.swift in Sources */ = {isa = PBXBuildFile; fileRef = 2A7B292D1BAEA8B600EF04FB /* RMSPopUp.swift */; };
		2AB3D2CC1BAE0CF2002D84E3 /* Map.storyboard in Resources */ = {isa = PBXBuildFile; fileRef = 2AB3D2CB1BAE0CF2002D84E3 /* Map.storyboard */; };
		2AB7D1361BB91BD6000944A3 /* RMSMapViewController.swift in Sources */ = {isa = PBXBuildFile; fileRef = 2AB7D1351BB91BD6000944A3 /* RMSMapViewController.swift */; };
		2AF54FBD1BBA74F200FAD40F /* RMSMapViewController.swift in Sources */ = {isa = PBXBuildFile; fileRef = 2AB7D1351BB91BD6000944A3 /* RMSMapViewController.swift */; };
		2F8DDF811C00E566005A4002 /* Bolts.framework in Frameworks */ = {isa = PBXBuildFile; fileRef = 2F8DDF7F1C00E566005A4002 /* Bolts.framework */; };
		2F8DDF821C00E566005A4002 /* Parse.framework in Frameworks */ = {isa = PBXBuildFile; fileRef = 2F8DDF801C00E566005A4002 /* Parse.framework */; };
		2F8DDF831C00E5AD005A4002 /* OperatorOverload.swift in Sources */ = {isa = PBXBuildFile; fileRef = 7F84F99C1BB9F53300D22757 /* OperatorOverload.swift */; };
		2F8DDF841C00E662005A4002 /* Parse.framework in Frameworks */ = {isa = PBXBuildFile; fileRef = 2F8DDF801C00E566005A4002 /* Parse.framework */; };
		2F8DDF851C00E668005A4002 /* Bolts.framework in Frameworks */ = {isa = PBXBuildFile; fileRef = 2F8DDF7F1C00E566005A4002 /* Bolts.framework */; };
		7F31D9D01BBAE79700B6CCE8 /* Map.storyboard in Resources */ = {isa = PBXBuildFile; fileRef = 2AB3D2CB1BAE0CF2002D84E3 /* Map.storyboard */; };
		7F3CB93A1BC9FD7B00E759F7 /* ParseExtensions.swift in Sources */ = {isa = PBXBuildFile; fileRef = 7F84F9A01BB9FDFA00D22757 /* ParseExtensions.swift */; };
		7F3CB93B1BC9FED900E759F7 /* AllSnacks.swift in Sources */ = {isa = PBXBuildFile; fileRef = 7F84F99E1BB9FD5300D22757 /* AllSnacks.swift */; };
		7F67A94F1B5AF95400230509 /* BackendDelegate.swift in Sources */ = {isa = PBXBuildFile; fileRef = 7F67A94E1B5AF95400230509 /* BackendDelegate.swift */; };
		7F69D9871BB9137C0079FF0E /* Guage.storyboard in Resources */ = {isa = PBXBuildFile; fileRef = 7F69D9861BB9137C0079FF0E /* Guage.storyboard */; };
		7F84F99D1BB9F53300D22757 /* OperatorOverload.swift in Sources */ = {isa = PBXBuildFile; fileRef = 7F84F99C1BB9F53300D22757 /* OperatorOverload.swift */; };
		7F84F9A21BB9FE0300D22757 /* ParseExtensions.swift in Sources */ = {isa = PBXBuildFile; fileRef = 7F84F9A01BB9FDFA00D22757 /* ParseExtensions.swift */; };
		7F84F9A31BB9FEDE00D22757 /* AllSnacks.swift in Sources */ = {isa = PBXBuildFile; fileRef = 7F84F99E1BB9FD5300D22757 /* AllSnacks.swift */; };
		7FB6457A1BAFF196006B7045 /* RMSPopUp.swift in Sources */ = {isa = PBXBuildFile; fileRef = 2A7B292D1BAEA8B600EF04FB /* RMSPopUp.swift */; };
		7FE260151B5B5E9100F3288C /* AudioToolbox.framework in Frameworks */ = {isa = PBXBuildFile; fileRef = 7FE260141B5B5E9100F3288C /* AudioToolbox.framework */; };
		7FE260171B5B5E9800F3288C /* CFNetwork.framework in Frameworks */ = {isa = PBXBuildFile; fileRef = 7FE260161B5B5E9800F3288C /* CFNetwork.framework */; };
		7FE260191B5B5EA700F3288C /* CoreGraphics.framework in Frameworks */ = {isa = PBXBuildFile; fileRef = 7FE260181B5B5EA700F3288C /* CoreGraphics.framework */; };
		7FE2601B1B5B5EB100F3288C /* CoreLocation.framework in Frameworks */ = {isa = PBXBuildFile; fileRef = 7FE2601A1B5B5EB100F3288C /* CoreLocation.framework */; };
		7FE2601D1B5B5EBE00F3288C /* QuartzCore.framework in Frameworks */ = {isa = PBXBuildFile; fileRef = 7FE2601C1B5B5EBE00F3288C /* QuartzCore.framework */; };
		7FE2601F1B5B5EC900F3288C /* Security.framework in Frameworks */ = {isa = PBXBuildFile; fileRef = 7FE2601E1B5B5EC900F3288C /* Security.framework */; };
		7FE260231B5B5EE300F3288C /* SystemConfiguration.framework in Frameworks */ = {isa = PBXBuildFile; fileRef = 7FE260221B5B5EE300F3288C /* SystemConfiguration.framework */; };
		7FE260281B5B5F6B00F3288C /* BESInterface.swift in Sources */ = {isa = PBXBuildFile; fileRef = 2A4AA0821B5B16FB00DDDA0B /* BESInterface.swift */; };
		7FE260371B5B610A00F3288C /* AppDelegate.swift in Sources */ = {isa = PBXBuildFile; fileRef = 7FE260361B5B610A00F3288C /* AppDelegate.swift */; };
		7FE260391B5B610A00F3288C /* BESViewController.swift in Sources */ = {isa = PBXBuildFile; fileRef = 7FE260381B5B610A00F3288C /* BESViewController.swift */; };
		7FE2603C1B5B610A00F3288C /* Main.storyboard in Resources */ = {isa = PBXBuildFile; fileRef = 7FE2603A1B5B610A00F3288C /* Main.storyboard */; };
		7FE2603E1B5B610A00F3288C /* Images.xcassets in Resources */ = {isa = PBXBuildFile; fileRef = 7FE2603D1B5B610A00F3288C /* Images.xcassets */; };
		7FE260411B5B610A00F3288C /* LaunchScreen.xib in Resources */ = {isa = PBXBuildFile; fileRef = 7FE2603F1B5B610A00F3288C /* LaunchScreen.xib */; };
		7FE2604D1B5B610A00F3288C /* BackendServerTests.swift in Sources */ = {isa = PBXBuildFile; fileRef = 7FE2604C1B5B610A00F3288C /* BackendServerTests.swift */; };
		7FE260541B5B612D00F3288C /* BESInterface.swift in Sources */ = {isa = PBXBuildFile; fileRef = 2A4AA0821B5B16FB00DDDA0B /* BESInterface.swift */; };
		7FE260551B5B616300F3288C /* BackendDelegate.swift in Sources */ = {isa = PBXBuildFile; fileRef = 7F67A94E1B5AF95400230509 /* BackendDelegate.swift */; };
		7FE2606B1B5B62C700F3288C /* SystemConfiguration.framework in Frameworks */ = {isa = PBXBuildFile; fileRef = 7FE260221B5B5EE300F3288C /* SystemConfiguration.framework */; };
		7FE2606D1B5B62C700F3288C /* Security.framework in Frameworks */ = {isa = PBXBuildFile; fileRef = 7FE2601E1B5B5EC900F3288C /* Security.framework */; };
		7FE2606E1B5B62C700F3288C /* QuartzCore.framework in Frameworks */ = {isa = PBXBuildFile; fileRef = 7FE2601C1B5B5EBE00F3288C /* QuartzCore.framework */; };
		7FE2606F1B5B62C700F3288C /* CoreLocation.framework in Frameworks */ = {isa = PBXBuildFile; fileRef = 7FE2601A1B5B5EB100F3288C /* CoreLocation.framework */; };
		7FE260701B5B62C700F3288C /* CoreGraphics.framework in Frameworks */ = {isa = PBXBuildFile; fileRef = 7FE260181B5B5EA700F3288C /* CoreGraphics.framework */; };
		7FE260711B5B62C700F3288C /* CFNetwork.framework in Frameworks */ = {isa = PBXBuildFile; fileRef = 7FE260161B5B5E9800F3288C /* CFNetwork.framework */; };
		7FE260721B5B62C700F3288C /* AudioToolbox.framework in Frameworks */ = {isa = PBXBuildFile; fileRef = 7FE260141B5B5E9100F3288C /* AudioToolbox.framework */; };
		7FEF02E91BB5AC450058EF8C /* StarRating.swift in Sources */ = {isa = PBXBuildFile; fileRef = 7FEF02E81BB5AC450058EF8C /* StarRating.swift */; };
		7FEF02EA1BB5AC450058EF8C /* StarRating.swift in Sources */ = {isa = PBXBuildFile; fileRef = 7FEF02E81BB5AC450058EF8C /* StarRating.swift */; };
		825F6C241BA3CB4300717BBF /* RMSSnackSubmissionFormViewController.swift in Sources */ = {isa = PBXBuildFile; fileRef = 825F6C231BA3CB4300717BBF /* RMSSnackSubmissionFormViewController.swift */; };
		82B5308C1B644EC900B07F24 /* RMSStarView.swift in Sources */ = {isa = PBXBuildFile; fileRef = 82B5308B1B644EC900B07F24 /* RMSStarView.swift */; };
		82C049CF1BC09DD200CDD031 /* RMSSnackSubmissionFormViewController.swift in Sources */ = {isa = PBXBuildFile; fileRef = 825F6C231BA3CB4300717BBF /* RMSSnackSubmissionFormViewController.swift */; };
		82D700C91B927AC300967D64 /* RMSStarViewController.swift in Sources */ = {isa = PBXBuildFile; fileRef = 82D700C81B927AC300967D64 /* RMSStarViewController.swift */; };
		C473686E1B50458400E97743 /* AppDelegate.swift in Sources */ = {isa = PBXBuildFile; fileRef = C473686D1B50458400E97743 /* AppDelegate.swift */; };
		C47368701B50458400E97743 /* ViewController.swift in Sources */ = {isa = PBXBuildFile; fileRef = C473686F1B50458400E97743 /* ViewController.swift */; };
		C47368731B50458400E97743 /* Main.storyboard in Resources */ = {isa = PBXBuildFile; fileRef = C47368711B50458400E97743 /* Main.storyboard */; };
		C47368751B50458400E97743 /* Images.xcassets in Resources */ = {isa = PBXBuildFile; fileRef = C47368741B50458400E97743 /* Images.xcassets */; };
		C47368781B50458400E97743 /* LaunchScreen.xib in Resources */ = {isa = PBXBuildFile; fileRef = C47368761B50458400E97743 /* LaunchScreen.xib */; };
		C47368841B50458400E97743 /* RateMySnackTests.swift in Sources */ = {isa = PBXBuildFile; fileRef = C47368831B50458400E97743 /* RateMySnackTests.swift */; };
/* End PBXBuildFile section */

/* Begin PBXContainerItemProxy section */
		2F8DDF7B1C00E4D4005A4002 /* PBXContainerItemProxy */ = {
			isa = PBXContainerItemProxy;
			containerPortal = 2F8DDF761C00E4D4005A4002 /* LocationManager.xcodeproj */;
			proxyType = 2;
			remoteGlobalIDString = 7FC3FF031C001721006514E3;
			remoteInfo = LocationManager;
		};
		2F8DDF7D1C00E4D4005A4002 /* PBXContainerItemProxy */ = {
			isa = PBXContainerItemProxy;
			containerPortal = 2F8DDF761C00E4D4005A4002 /* LocationManager.xcodeproj */;
			proxyType = 2;
			remoteGlobalIDString = 7FC3FF0D1C001722006514E3;
			remoteInfo = LocationManagerTests;
		};
		7FE260471B5B610A00F3288C /* PBXContainerItemProxy */ = {
			isa = PBXContainerItemProxy;
			containerPortal = C47368601B50458400E97743 /* Project object */;
			proxyType = 1;
			remoteGlobalIDString = 7FE260311B5B610A00F3288C;
			remoteInfo = BackendServer;
		};
		C473687E1B50458400E97743 /* PBXContainerItemProxy */ = {
			isa = PBXContainerItemProxy;
			containerPortal = C47368601B50458400E97743 /* Project object */;
			proxyType = 1;
			remoteGlobalIDString = C47368671B50458400E97743;
			remoteInfo = RateMySnack;
		};
/* End PBXContainerItemProxy section */

/* Begin PBXFileReference section */
		2A0C18FF1B6466FA005A5F48 /* Snack.swift */ = {isa = PBXFileReference; fileEncoding = 4; lastKnownFileType = sourcecode.swift; path = Snack.swift; sourceTree = "<group>"; };
		2A4AA0821B5B16FB00DDDA0B /* BESInterface.swift */ = {isa = PBXFileReference; fileEncoding = 4; lastKnownFileType = sourcecode.swift; path = BESInterface.swift; sourceTree = "<group>"; };
		2A7B292D1BAEA8B600EF04FB /* RMSPopUp.swift */ = {isa = PBXFileReference; fileEncoding = 4; lastKnownFileType = sourcecode.swift; path = RMSPopUp.swift; sourceTree = "<group>"; };
		2AB3D2CB1BAE0CF2002D84E3 /* Map.storyboard */ = {isa = PBXFileReference; fileEncoding = 4; lastKnownFileType = file.storyboard; name = Map.storyboard; path = RateMySnack/Base.lproj/Map.storyboard; sourceTree = "<group>"; };
		2AB7D1351BB91BD6000944A3 /* RMSMapViewController.swift */ = {isa = PBXFileReference; fileEncoding = 4; lastKnownFileType = sourcecode.swift; path = RMSMapViewController.swift; sourceTree = "<group>"; };
		2F8DDF761C00E4D4005A4002 /* LocationManager.xcodeproj */ = {isa = PBXFileReference; lastKnownFileType = "wrapper.pb-project"; name = LocationManager.xcodeproj; path = Frameworks3rdParty/LocationManager/LocationManager_Framework/LocationManager.xcodeproj; sourceTree = "<group>"; };
		2F8DDF7F1C00E566005A4002 /* Bolts.framework */ = {isa = PBXFileReference; lastKnownFileType = wrapper.framework; name = Bolts.framework; path = Frameworks3rdParty/Bolts.framework; sourceTree = "<group>"; };
		2F8DDF801C00E566005A4002 /* Parse.framework */ = {isa = PBXFileReference; lastKnownFileType = wrapper.framework; name = Parse.framework; path = Frameworks3rdParty/Parse.framework; sourceTree = "<group>"; };
		7F67A94E1B5AF95400230509 /* BackendDelegate.swift */ = {isa = PBXFileReference; fileEncoding = 4; lastKnownFileType = sourcecode.swift; name = BackendDelegate.swift; path = ../BackendServer/BackendDelegate.swift; sourceTree = "<group>"; };
		7F69D9841BB85AAF0079FF0E /* ReadMe.md */ = {isa = PBXFileReference; fileEncoding = 4; lastKnownFileType = net.daringfireball.markdown; path = ReadMe.md; sourceTree = "<group>"; };
		7F69D9861BB9137C0079FF0E /* Guage.storyboard */ = {isa = PBXFileReference; fileEncoding = 4; lastKnownFileType = file.storyboard; name = Guage.storyboard; path = Base.lproj/Guage.storyboard; sourceTree = "<group>"; };
		7F84F99C1BB9F53300D22757 /* OperatorOverload.swift */ = {isa = PBXFileReference; fileEncoding = 4; lastKnownFileType = sourcecode.swift; path = OperatorOverload.swift; sourceTree = "<group>"; };
		7F84F99E1BB9FD5300D22757 /* AllSnacks.swift */ = {isa = PBXFileReference; fileEncoding = 4; lastKnownFileType = sourcecode.swift; name = AllSnacks.swift; path = RateMySnack/AllSnacks.swift; sourceTree = SOURCE_ROOT; };
		7F84F9A01BB9FDFA00D22757 /* ParseExtensions.swift */ = {isa = PBXFileReference; fileEncoding = 4; lastKnownFileType = sourcecode.swift; name = ParseExtensions.swift; path = RateMySnack/ParseExtensions.swift; sourceTree = SOURCE_ROOT; };
		7F84F9A51BBA034D00D22757 /* ParseVisualModel.xcdatamodel */ = {isa = PBXFileReference; lastKnownFileType = wrapper.xcdatamodel; path = ParseVisualModel.xcdatamodel; sourceTree = "<group>"; };
		7FE260141B5B5E9100F3288C /* AudioToolbox.framework */ = {isa = PBXFileReference; lastKnownFileType = wrapper.framework; name = AudioToolbox.framework; path = System/Library/Frameworks/AudioToolbox.framework; sourceTree = SDKROOT; };
		7FE260161B5B5E9800F3288C /* CFNetwork.framework */ = {isa = PBXFileReference; lastKnownFileType = wrapper.framework; name = CFNetwork.framework; path = System/Library/Frameworks/CFNetwork.framework; sourceTree = SDKROOT; };
		7FE260181B5B5EA700F3288C /* CoreGraphics.framework */ = {isa = PBXFileReference; lastKnownFileType = wrapper.framework; name = CoreGraphics.framework; path = System/Library/Frameworks/CoreGraphics.framework; sourceTree = SDKROOT; };
		7FE2601A1B5B5EB100F3288C /* CoreLocation.framework */ = {isa = PBXFileReference; lastKnownFileType = wrapper.framework; name = CoreLocation.framework; path = System/Library/Frameworks/CoreLocation.framework; sourceTree = SDKROOT; };
		7FE2601C1B5B5EBE00F3288C /* QuartzCore.framework */ = {isa = PBXFileReference; lastKnownFileType = wrapper.framework; name = QuartzCore.framework; path = System/Library/Frameworks/QuartzCore.framework; sourceTree = SDKROOT; };
		7FE2601E1B5B5EC900F3288C /* Security.framework */ = {isa = PBXFileReference; lastKnownFileType = wrapper.framework; name = Security.framework; path = System/Library/Frameworks/Security.framework; sourceTree = SDKROOT; };
		7FE260221B5B5EE300F3288C /* SystemConfiguration.framework */ = {isa = PBXFileReference; lastKnownFileType = wrapper.framework; name = SystemConfiguration.framework; path = System/Library/Frameworks/SystemConfiguration.framework; sourceTree = SDKROOT; };
		7FE260321B5B610A00F3288C /* BackendServer.app */ = {isa = PBXFileReference; explicitFileType = wrapper.application; includeInIndex = 0; path = BackendServer.app; sourceTree = BUILT_PRODUCTS_DIR; };
		7FE260351B5B610A00F3288C /* Info.plist */ = {isa = PBXFileReference; lastKnownFileType = text.plist.xml; path = Info.plist; sourceTree = "<group>"; };
		7FE260361B5B610A00F3288C /* AppDelegate.swift */ = {isa = PBXFileReference; lastKnownFileType = sourcecode.swift; path = AppDelegate.swift; sourceTree = "<group>"; };
		7FE260381B5B610A00F3288C /* BESViewController.swift */ = {isa = PBXFileReference; lastKnownFileType = sourcecode.swift; path = BESViewController.swift; sourceTree = "<group>"; };
		7FE2603B1B5B610A00F3288C /* Base */ = {isa = PBXFileReference; lastKnownFileType = file.storyboard; name = Base; path = Base.lproj/Main.storyboard; sourceTree = "<group>"; };
		7FE2603D1B5B610A00F3288C /* Images.xcassets */ = {isa = PBXFileReference; lastKnownFileType = folder.assetcatalog; path = Images.xcassets; sourceTree = "<group>"; };
		7FE260401B5B610A00F3288C /* Base */ = {isa = PBXFileReference; lastKnownFileType = file.xib; name = Base; path = Base.lproj/LaunchScreen.xib; sourceTree = "<group>"; };
		7FE260461B5B610A00F3288C /* BackendServerTests.xctest */ = {isa = PBXFileReference; explicitFileType = wrapper.cfbundle; includeInIndex = 0; path = BackendServerTests.xctest; sourceTree = BUILT_PRODUCTS_DIR; };
		7FE2604B1B5B610A00F3288C /* Info.plist */ = {isa = PBXFileReference; lastKnownFileType = text.plist.xml; path = Info.plist; sourceTree = "<group>"; };
		7FE2604C1B5B610A00F3288C /* BackendServerTests.swift */ = {isa = PBXFileReference; lastKnownFileType = sourcecode.swift; path = BackendServerTests.swift; sourceTree = "<group>"; };
		7FEF02E81BB5AC450058EF8C /* StarRating.swift */ = {isa = PBXFileReference; fileEncoding = 4; lastKnownFileType = sourcecode.swift; name = StarRating.swift; path = ../RateMySnack/StarRating.swift; sourceTree = "<group>"; };
		825F6C231BA3CB4300717BBF /* RMSSnackSubmissionFormViewController.swift */ = {isa = PBXFileReference; fileEncoding = 4; lastKnownFileType = sourcecode.swift; path = RMSSnackSubmissionFormViewController.swift; sourceTree = "<group>"; };
		82B5308B1B644EC900B07F24 /* RMSStarView.swift */ = {isa = PBXFileReference; fileEncoding = 4; lastKnownFileType = sourcecode.swift; path = RMSStarView.swift; sourceTree = "<group>"; };
		82D700C81B927AC300967D64 /* RMSStarViewController.swift */ = {isa = PBXFileReference; fileEncoding = 4; lastKnownFileType = sourcecode.swift; path = RMSStarViewController.swift; sourceTree = "<group>"; };
		C47368681B50458400E97743 /* RateMySnack.app */ = {isa = PBXFileReference; explicitFileType = wrapper.application; includeInIndex = 0; path = RateMySnack.app; sourceTree = BUILT_PRODUCTS_DIR; };
		C473686C1B50458400E97743 /* Info.plist */ = {isa = PBXFileReference; lastKnownFileType = text.plist.xml; path = Info.plist; sourceTree = "<group>"; };
		C473686D1B50458400E97743 /* AppDelegate.swift */ = {isa = PBXFileReference; lastKnownFileType = sourcecode.swift; path = AppDelegate.swift; sourceTree = "<group>"; };
		C473686F1B50458400E97743 /* ViewController.swift */ = {isa = PBXFileReference; lastKnownFileType = sourcecode.swift; path = ViewController.swift; sourceTree = "<group>"; };
		C47368721B50458400E97743 /* Base */ = {isa = PBXFileReference; lastKnownFileType = file.storyboard; name = Base; path = Base.lproj/Main.storyboard; sourceTree = "<group>"; };
		C47368741B50458400E97743 /* Images.xcassets */ = {isa = PBXFileReference; lastKnownFileType = folder.assetcatalog; path = Images.xcassets; sourceTree = "<group>"; };
		C47368771B50458400E97743 /* Base */ = {isa = PBXFileReference; lastKnownFileType = file.xib; name = Base; path = Base.lproj/LaunchScreen.xib; sourceTree = "<group>"; };
		C473687D1B50458400E97743 /* RateMySnackTests.xctest */ = {isa = PBXFileReference; explicitFileType = wrapper.cfbundle; includeInIndex = 0; path = RateMySnackTests.xctest; sourceTree = BUILT_PRODUCTS_DIR; };
		C47368821B50458400E97743 /* Info.plist */ = {isa = PBXFileReference; lastKnownFileType = text.plist.xml; path = Info.plist; sourceTree = "<group>"; };
		C47368831B50458400E97743 /* RateMySnackTests.swift */ = {isa = PBXFileReference; lastKnownFileType = sourcecode.swift; path = RateMySnackTests.swift; sourceTree = "<group>"; };
/* End PBXFileReference section */

/* Begin PBXFrameworksBuildPhase section */
		7FE2602F1B5B610A00F3288C /* Frameworks */ = {
			isa = PBXFrameworksBuildPhase;
			buildActionMask = 2147483647;
			files = (
				2F8DDF811C00E566005A4002 /* Bolts.framework in Frameworks */,
				2F8DDF821C00E566005A4002 /* Parse.framework in Frameworks */,
				7FE2606B1B5B62C700F3288C /* SystemConfiguration.framework in Frameworks */,
				7FE2606D1B5B62C700F3288C /* Security.framework in Frameworks */,
				7FE2606E1B5B62C700F3288C /* QuartzCore.framework in Frameworks */,
				7FE2606F1B5B62C700F3288C /* CoreLocation.framework in Frameworks */,
				7FE260701B5B62C700F3288C /* CoreGraphics.framework in Frameworks */,
				7FE260711B5B62C700F3288C /* CFNetwork.framework in Frameworks */,
				7FE260721B5B62C700F3288C /* AudioToolbox.framework in Frameworks */,
			);
			runOnlyForDeploymentPostprocessing = 0;
		};
		7FE260431B5B610A00F3288C /* Frameworks */ = {
			isa = PBXFrameworksBuildPhase;
			buildActionMask = 2147483647;
			files = (
			);
			runOnlyForDeploymentPostprocessing = 0;
		};
		C47368651B50458400E97743 /* Frameworks */ = {
			isa = PBXFrameworksBuildPhase;
			buildActionMask = 2147483647;
			files = (
				7FE260231B5B5EE300F3288C /* SystemConfiguration.framework in Frameworks */,
				7FE2601F1B5B5EC900F3288C /* Security.framework in Frameworks */,
				7FE2601D1B5B5EBE00F3288C /* QuartzCore.framework in Frameworks */,
				7FE2601B1B5B5EB100F3288C /* CoreLocation.framework in Frameworks */,
				7FE260191B5B5EA700F3288C /* CoreGraphics.framework in Frameworks */,
				7FE260171B5B5E9800F3288C /* CFNetwork.framework in Frameworks */,
				7FE260151B5B5E9100F3288C /* AudioToolbox.framework in Frameworks */,
				2F8DDF841C00E662005A4002 /* Parse.framework in Frameworks */,
				2F8DDF851C00E668005A4002 /* Bolts.framework in Frameworks */,
			);
			runOnlyForDeploymentPostprocessing = 0;
		};
		C473687A1B50458400E97743 /* Frameworks */ = {
			isa = PBXFrameworksBuildPhase;
			buildActionMask = 2147483647;
			files = (
			);
			runOnlyForDeploymentPostprocessing = 0;
		};
/* End PBXFrameworksBuildPhase section */

/* Begin PBXGroup section */
		2A4AA07D1B5B11B200DDDA0B /* frameworks */ = {
			isa = PBXGroup;
			children = (
				2F8DDF761C00E4D4005A4002 /* LocationManager.xcodeproj */,
				7FE260221B5B5EE300F3288C /* SystemConfiguration.framework */,
				7FE2601E1B5B5EC900F3288C /* Security.framework */,
				7FE2601C1B5B5EBE00F3288C /* QuartzCore.framework */,
				7FE2601A1B5B5EB100F3288C /* CoreLocation.framework */,
				7FE260181B5B5EA700F3288C /* CoreGraphics.framework */,
				7FE260161B5B5E9800F3288C /* CFNetwork.framework */,
				7FE260141B5B5E9100F3288C /* AudioToolbox.framework */,
				2F8DDF7F1C00E566005A4002 /* Bolts.framework */,
				2F8DDF801C00E566005A4002 /* Parse.framework */,
			);
			name = frameworks;
			sourceTree = "<group>";
		};
		2F8DDF771C00E4D4005A4002 /* Products */ = {
			isa = PBXGroup;
			children = (
				2F8DDF7C1C00E4D4005A4002 /* LocationManager.framework */,
				2F8DDF7E1C00E4D4005A4002 /* LocationManagerTests.xctest */,
			);
			name = Products;
			sourceTree = "<group>";
		};
		7F7E42F81BB73B1A00CD31A7 /* ParseClasses */ = {
			isa = PBXGroup;
			children = (
				7F84F99E1BB9FD5300D22757 /* AllSnacks.swift */,
				7FEF02E81BB5AC450058EF8C /* StarRating.swift */,
			);
			name = ParseClasses;
			sourceTree = "<group>";
		};
		7FE260331B5B610A00F3288C /* BackendServer */ = {
			isa = PBXGroup;
			children = (
				7F84F9A01BB9FDFA00D22757 /* ParseExtensions.swift */,
				7F7E42F81BB73B1A00CD31A7 /* ParseClasses */,
				7FE260361B5B610A00F3288C /* AppDelegate.swift */,
				7FE260381B5B610A00F3288C /* BESViewController.swift */,
				2A4AA0821B5B16FB00DDDA0B /* BESInterface.swift */,
				7FE2603A1B5B610A00F3288C /* Main.storyboard */,
				7FE2603D1B5B610A00F3288C /* Images.xcassets */,
				7FE2603F1B5B610A00F3288C /* LaunchScreen.xib */,
				7FE260341B5B610A00F3288C /* Supporting Files */,
			);
			path = BackendServer;
			sourceTree = "<group>";
		};
		7FE260341B5B610A00F3288C /* Supporting Files */ = {
			isa = PBXGroup;
			children = (
				7FE260351B5B610A00F3288C /* Info.plist */,
			);
			name = "Supporting Files";
			sourceTree = "<group>";
		};
		7FE260491B5B610A00F3288C /* BackendServerTests */ = {
			isa = PBXGroup;
			children = (
				7FE2604C1B5B610A00F3288C /* BackendServerTests.swift */,
				7FE2604A1B5B610A00F3288C /* Supporting Files */,
			);
			path = BackendServerTests;
			sourceTree = "<group>";
		};
		7FE2604A1B5B610A00F3288C /* Supporting Files */ = {
			isa = PBXGroup;
			children = (
				7FE2604B1B5B610A00F3288C /* Info.plist */,
			);
			name = "Supporting Files";
			sourceTree = "<group>";
		};
		C473685F1B50458400E97743 = {
			isa = PBXGroup;
			children = (
				7F69D9841BB85AAF0079FF0E /* ReadMe.md */,
				2AB3D2CB1BAE0CF2002D84E3 /* Map.storyboard */,
				2A4AA07D1B5B11B200DDDA0B /* frameworks */,
				C473686A1B50458400E97743 /* RateMySnack */,
				C47368801B50458400E97743 /* RateMySnackTests */,
				7FE260331B5B610A00F3288C /* BackendServer */,
				7FE260491B5B610A00F3288C /* BackendServerTests */,
				C47368691B50458400E97743 /* Products */,
			);
			sourceTree = "<group>";
		};
		C47368691B50458400E97743 /* Products */ = {
			isa = PBXGroup;
			children = (
				C47368681B50458400E97743 /* RateMySnack.app */,
				C473687D1B50458400E97743 /* RateMySnackTests.xctest */,
				7FE260321B5B610A00F3288C /* BackendServer.app */,
				7FE260461B5B610A00F3288C /* BackendServerTests.xctest */,
			);
			name = Products;
			sourceTree = "<group>";
		};
		C473686A1B50458400E97743 /* RateMySnack */ = {
			isa = PBXGroup;
			children = (
				C473686D1B50458400E97743 /* AppDelegate.swift */,
				C473686F1B50458400E97743 /* ViewController.swift */,
				2A0C18FF1B6466FA005A5F48 /* Snack.swift */,
				7F67A94E1B5AF95400230509 /* BackendDelegate.swift */,
				C47368711B50458400E97743 /* Main.storyboard */,
				7F69D9861BB9137C0079FF0E /* Guage.storyboard */,
				C47368741B50458400E97743 /* Images.xcassets */,
				C47368761B50458400E97743 /* LaunchScreen.xib */,
				825F6C231BA3CB4300717BBF /* RMSSnackSubmissionFormViewController.swift */,
				7F84F99C1BB9F53300D22757 /* OperatorOverload.swift */,
				82B5308B1B644EC900B07F24 /* RMSStarView.swift */,
				82D700C81B927AC300967D64 /* RMSStarViewController.swift */,
				2A7B292D1BAEA8B600EF04FB /* RMSPopUp.swift */,
				C473686B1B50458400E97743 /* Supporting Files */,
				2AB7D1351BB91BD6000944A3 /* RMSMapViewController.swift */,
			);
			path = RateMySnack;
			sourceTree = "<group>";
		};
		C473686B1B50458400E97743 /* Supporting Files */ = {
			isa = PBXGroup;
			children = (
				C473686C1B50458400E97743 /* Info.plist */,
				7F84F9A41BBA034D00D22757 /* ParseVisualModel.xcdatamodeld */,
			);
			name = "Supporting Files";
			sourceTree = "<group>";
		};
		C47368801B50458400E97743 /* RateMySnackTests */ = {
			isa = PBXGroup;
			children = (
				C47368831B50458400E97743 /* RateMySnackTests.swift */,
				C47368811B50458400E97743 /* Supporting Files */,
			);
			path = RateMySnackTests;
			sourceTree = "<group>";
		};
		C47368811B50458400E97743 /* Supporting Files */ = {
			isa = PBXGroup;
			children = (
				C47368821B50458400E97743 /* Info.plist */,
			);
			name = "Supporting Files";
			sourceTree = "<group>";
		};
/* End PBXGroup section */

/* Begin PBXNativeTarget section */
		7FE260311B5B610A00F3288C /* BackendServer */ = {
			isa = PBXNativeTarget;
			buildConfigurationList = 7FE2604E1B5B610A00F3288C /* Build configuration list for PBXNativeTarget "BackendServer" */;
			buildPhases = (
				7FE2602E1B5B610A00F3288C /* Sources */,
				7FE2602F1B5B610A00F3288C /* Frameworks */,
				7FE260301B5B610A00F3288C /* Resources */,
			);
			buildRules = (
			);
			dependencies = (
			);
			name = BackendServer;
			productName = BackendServer;
			productReference = 7FE260321B5B610A00F3288C /* BackendServer.app */;
			productType = "com.apple.product-type.application";
		};
		7FE260451B5B610A00F3288C /* BackendServerTests */ = {
			isa = PBXNativeTarget;
			buildConfigurationList = 7FE260511B5B610A00F3288C /* Build configuration list for PBXNativeTarget "BackendServerTests" */;
			buildPhases = (
				7FE260421B5B610A00F3288C /* Sources */,
				7FE260431B5B610A00F3288C /* Frameworks */,
				7FE260441B5B610A00F3288C /* Resources */,
			);
			buildRules = (
			);
			dependencies = (
				7FE260481B5B610A00F3288C /* PBXTargetDependency */,
			);
			name = BackendServerTests;
			productName = BackendServerTests;
			productReference = 7FE260461B5B610A00F3288C /* BackendServerTests.xctest */;
			productType = "com.apple.product-type.bundle.unit-test";
		};
		C47368671B50458400E97743 /* RateMySnack */ = {
			isa = PBXNativeTarget;
			buildConfigurationList = C47368871B50458400E97743 /* Build configuration list for PBXNativeTarget "RateMySnack" */;
			buildPhases = (
				C47368641B50458400E97743 /* Sources */,
				C47368651B50458400E97743 /* Frameworks */,
				C47368661B50458400E97743 /* Resources */,
			);
			buildRules = (
			);
			dependencies = (
			);
			name = RateMySnack;
			productName = RateMySnack;
			productReference = C47368681B50458400E97743 /* RateMySnack.app */;
			productType = "com.apple.product-type.application";
		};
		C473687C1B50458400E97743 /* RateMySnackTests */ = {
			isa = PBXNativeTarget;
			buildConfigurationList = C473688A1B50458400E97743 /* Build configuration list for PBXNativeTarget "RateMySnackTests" */;
			buildPhases = (
				C47368791B50458400E97743 /* Sources */,
				C473687A1B50458400E97743 /* Frameworks */,
				C473687B1B50458400E97743 /* Resources */,
			);
			buildRules = (
			);
			dependencies = (
				C473687F1B50458400E97743 /* PBXTargetDependency */,
			);
			name = RateMySnackTests;
			productName = RateMySnackTests;
			productReference = C473687D1B50458400E97743 /* RateMySnackTests.xctest */;
			productType = "com.apple.product-type.bundle.unit-test";
		};
/* End PBXNativeTarget section */

/* Begin PBXProject section */
		C47368601B50458400E97743 /* Project object */ = {
			isa = PBXProject;
			attributes = {
				LastSwiftMigration = 0700;
				LastSwiftUpdateCheck = 0700;
				LastUpgradeCheck = 0700;
				ORGANIZATIONNAME = "Ho, Derrick";
				TargetAttributes = {
					7FE260311B5B610A00F3288C = {
						CreatedOnToolsVersion = 6.4;
					};
					7FE260451B5B610A00F3288C = {
						CreatedOnToolsVersion = 6.4;
						TestTargetID = 7FE260311B5B610A00F3288C;
					};
					C47368671B50458400E97743 = {
						CreatedOnToolsVersion = 6.4;
						DevelopmentTeam = SX585CK9M9;
						SystemCapabilities = {
							com.apple.InAppPurchase = {
								enabled = 0;
							};
						};
					};
					C473687C1B50458400E97743 = {
						CreatedOnToolsVersion = 6.4;
						TestTargetID = C47368671B50458400E97743;
					};
				};
			};
			buildConfigurationList = C47368631B50458400E97743 /* Build configuration list for PBXProject "RateMySnack" */;
			compatibilityVersion = "Xcode 3.2";
			developmentRegion = English;
			hasScannedForEncodings = 0;
			knownRegions = (
				en,
				Base,
			);
			mainGroup = C473685F1B50458400E97743;
			productRefGroup = C47368691B50458400E97743 /* Products */;
			projectDirPath = "";
			projectReferences = (
				{
					ProductGroup = 2F8DDF771C00E4D4005A4002 /* Products */;
					ProjectRef = 2F8DDF761C00E4D4005A4002 /* LocationManager.xcodeproj */;
				},
			);
			projectRoot = "";
			targets = (
				C47368671B50458400E97743 /* RateMySnack */,
				C473687C1B50458400E97743 /* RateMySnackTests */,
				7FE260311B5B610A00F3288C /* BackendServer */,
				7FE260451B5B610A00F3288C /* BackendServerTests */,
			);
		};
/* End PBXProject section */

/* Begin PBXReferenceProxy section */
		2F8DDF7C1C00E4D4005A4002 /* LocationManager.framework */ = {
			isa = PBXReferenceProxy;
			fileType = wrapper.framework;
			path = LocationManager.framework;
			remoteRef = 2F8DDF7B1C00E4D4005A4002 /* PBXContainerItemProxy */;
			sourceTree = BUILT_PRODUCTS_DIR;
		};
		2F8DDF7E1C00E4D4005A4002 /* LocationManagerTests.xctest */ = {
			isa = PBXReferenceProxy;
			fileType = wrapper.cfbundle;
			path = LocationManagerTests.xctest;
			remoteRef = 2F8DDF7D1C00E4D4005A4002 /* PBXContainerItemProxy */;
			sourceTree = BUILT_PRODUCTS_DIR;
		};
/* End PBXReferenceProxy section */

/* Begin PBXResourcesBuildPhase section */
		7FE260301B5B610A00F3288C /* Resources */ = {
			isa = PBXResourcesBuildPhase;
			buildActionMask = 2147483647;
			files = (
				7FE2603C1B5B610A00F3288C /* Main.storyboard in Resources */,
				7FE260411B5B610A00F3288C /* LaunchScreen.xib in Resources */,
				7FE2603E1B5B610A00F3288C /* Images.xcassets in Resources */,
				7F31D9D01BBAE79700B6CCE8 /* Map.storyboard in Resources */,
			);
			runOnlyForDeploymentPostprocessing = 0;
		};
		7FE260441B5B610A00F3288C /* Resources */ = {
			isa = PBXResourcesBuildPhase;
			buildActionMask = 2147483647;
			files = (
			);
			runOnlyForDeploymentPostprocessing = 0;
		};
		C47368661B50458400E97743 /* Resources */ = {
			isa = PBXResourcesBuildPhase;
			buildActionMask = 2147483647;
			files = (
				C47368731B50458400E97743 /* Main.storyboard in Resources */,
				C47368781B50458400E97743 /* LaunchScreen.xib in Resources */,
				C47368751B50458400E97743 /* Images.xcassets in Resources */,
				2AB3D2CC1BAE0CF2002D84E3 /* Map.storyboard in Resources */,
				7F69D9871BB9137C0079FF0E /* Guage.storyboard in Resources */,
			);
			runOnlyForDeploymentPostprocessing = 0;
		};
		C473687B1B50458400E97743 /* Resources */ = {
			isa = PBXResourcesBuildPhase;
			buildActionMask = 2147483647;
			files = (
			);
			runOnlyForDeploymentPostprocessing = 0;
		};
/* End PBXResourcesBuildPhase section */

/* Begin PBXSourcesBuildPhase section */
		7FE2602E1B5B610A00F3288C /* Sources */ = {
			isa = PBXSourcesBuildPhase;
			buildActionMask = 2147483647;
			files = (
				7FE260541B5B612D00F3288C /* BESInterface.swift in Sources */,
				7FE260391B5B610A00F3288C /* BESViewController.swift in Sources */,
				7F3CB93B1BC9FED900E759F7 /* AllSnacks.swift in Sources */,
				7FEF02EA1BB5AC450058EF8C /* StarRating.swift in Sources */,
				7FE260371B5B610A00F3288C /* AppDelegate.swift in Sources */,
				82C049CF1BC09DD200CDD031 /* RMSSnackSubmissionFormViewController.swift in Sources */,
				7FE260551B5B616300F3288C /* BackendDelegate.swift in Sources */,
				7F3CB93A1BC9FD7B00E759F7 /* ParseExtensions.swift in Sources */,
				2A0C19011B646723005A5F48 /* Snack.swift in Sources */,
				2F8DDF831C00E5AD005A4002 /* OperatorOverload.swift in Sources */,
				2AF54FBD1BBA74F200FAD40F /* RMSMapViewController.swift in Sources */,
				7FB6457A1BAFF196006B7045 /* RMSPopUp.swift in Sources */,
			);
			runOnlyForDeploymentPostprocessing = 0;
		};
		7FE260421B5B610A00F3288C /* Sources */ = {
			isa = PBXSourcesBuildPhase;
			buildActionMask = 2147483647;
			files = (
				7FE2604D1B5B610A00F3288C /* BackendServerTests.swift in Sources */,
			);
			runOnlyForDeploymentPostprocessing = 0;
		};
		C47368641B50458400E97743 /* Sources */ = {
			isa = PBXSourcesBuildPhase;
			buildActionMask = 2147483647;
			files = (
				7F84F99D1BB9F53300D22757 /* OperatorOverload.swift in Sources */,
				825F6C241BA3CB4300717BBF /* RMSSnackSubmissionFormViewController.swift in Sources */,
				7F67A94F1B5AF95400230509 /* BackendDelegate.swift in Sources */,
				82D700C91B927AC300967D64 /* RMSStarViewController.swift in Sources */,
				7FEF02E91BB5AC450058EF8C /* StarRating.swift in Sources */,
				2A7B292E1BAEA8B600EF04FB /* RMSPopUp.swift in Sources */,
				7F84F9A31BB9FEDE00D22757 /* AllSnacks.swift in Sources */,
				2AB7D1361BB91BD6000944A3 /* RMSMapViewController.swift in Sources */,
				C47368701B50458400E97743 /* ViewController.swift in Sources */,
				82B5308C1B644EC900B07F24 /* RMSStarView.swift in Sources */,
				C473686E1B50458400E97743 /* AppDelegate.swift in Sources */,
				7FE260281B5B5F6B00F3288C /* BESInterface.swift in Sources */,
				7F84F9A21BB9FE0300D22757 /* ParseExtensions.swift in Sources */,
				2A0C19001B6466FB005A5F48 /* Snack.swift in Sources */,
			);
			runOnlyForDeploymentPostprocessing = 0;
		};
		C47368791B50458400E97743 /* Sources */ = {
			isa = PBXSourcesBuildPhase;
			buildActionMask = 2147483647;
			files = (
				C47368841B50458400E97743 /* RateMySnackTests.swift in Sources */,
			);
			runOnlyForDeploymentPostprocessing = 0;
		};
/* End PBXSourcesBuildPhase section */

/* Begin PBXTargetDependency section */
		7FE260481B5B610A00F3288C /* PBXTargetDependency */ = {
			isa = PBXTargetDependency;
			target = 7FE260311B5B610A00F3288C /* BackendServer */;
			targetProxy = 7FE260471B5B610A00F3288C /* PBXContainerItemProxy */;
		};
		C473687F1B50458400E97743 /* PBXTargetDependency */ = {
			isa = PBXTargetDependency;
			target = C47368671B50458400E97743 /* RateMySnack */;
			targetProxy = C473687E1B50458400E97743 /* PBXContainerItemProxy */;
		};
/* End PBXTargetDependency section */

/* Begin PBXVariantGroup section */
		7FE2603A1B5B610A00F3288C /* Main.storyboard */ = {
			isa = PBXVariantGroup;
			children = (
				7FE2603B1B5B610A00F3288C /* Base */,
			);
			name = Main.storyboard;
			sourceTree = "<group>";
		};
		7FE2603F1B5B610A00F3288C /* LaunchScreen.xib */ = {
			isa = PBXVariantGroup;
			children = (
				7FE260401B5B610A00F3288C /* Base */,
			);
			name = LaunchScreen.xib;
			sourceTree = "<group>";
		};
		C47368711B50458400E97743 /* Main.storyboard */ = {
			isa = PBXVariantGroup;
			children = (
				C47368721B50458400E97743 /* Base */,
			);
			name = Main.storyboard;
			sourceTree = "<group>";
		};
		C47368761B50458400E97743 /* LaunchScreen.xib */ = {
			isa = PBXVariantGroup;
			children = (
				C47368771B50458400E97743 /* Base */,
			);
			name = LaunchScreen.xib;
			sourceTree = "<group>";
		};
/* End PBXVariantGroup section */

/* Begin XCBuildConfiguration section */
		7FE2600B1B5B5D8100F3288C /* Debug */ = {
			isa = XCBuildConfiguration;
			buildSettings = {
				COPY_PHASE_STRIP = NO;
				GCC_DYNAMIC_NO_PIC = NO;
				GCC_OPTIMIZATION_LEVEL = 0;
				PRODUCT_NAME = RateMySnackTests;
			};
			name = Debug;
		};
		7FE2600C1B5B5D8100F3288C /* Release */ = {
			isa = XCBuildConfiguration;
			buildSettings = {
				COPY_PHASE_STRIP = YES;
				DEBUG_INFORMATION_FORMAT = "dwarf-with-dsym";
				PRODUCT_NAME = RateMySnackTests;
			};
			name = Release;
		};
		7FE2604F1B5B610A00F3288C /* Debug */ = {
			isa = XCBuildConfiguration;
			buildSettings = {
				ASSETCATALOG_COMPILER_APPICON_NAME = AppIcon;
				FRAMEWORK_SEARCH_PATHS = (
					"$(inherited)",
					"$(PROJECT_DIR)",
					"$(PROJECT_DIR)/Frameworks3rdParty",
				);
				GCC_PREPROCESSOR_DEFINITIONS = (
					"DEBUG=1",
					"$(inherited)",
				);
				INFOPLIST_FILE = BackendServer/Info.plist;
				IPHONEOS_DEPLOYMENT_TARGET = 9.0;
				LD_RUNPATH_SEARCH_PATHS = "$(inherited) @executable_path/Frameworks";
				OTHER_LDFLAGS = (
					"-lsqlite3",
					"-lz",
				);
				PRODUCT_BUNDLE_IDENTIFIER = "GA.$(PRODUCT_NAME:rfc1034identifier)";
				PRODUCT_NAME = "$(TARGET_NAME)";
			};
			name = Debug;
		};
		7FE260501B5B610A00F3288C /* Release */ = {
			isa = XCBuildConfiguration;
			buildSettings = {
				ASSETCATALOG_COMPILER_APPICON_NAME = AppIcon;
				FRAMEWORK_SEARCH_PATHS = (
					"$(inherited)",
					"$(PROJECT_DIR)",
					"$(PROJECT_DIR)/Frameworks3rdParty",
				);
				INFOPLIST_FILE = BackendServer/Info.plist;
				IPHONEOS_DEPLOYMENT_TARGET = 9.0;
				LD_RUNPATH_SEARCH_PATHS = "$(inherited) @executable_path/Frameworks";
				OTHER_LDFLAGS = (
					"-lsqlite3",
					"-lz",
				);
				PRODUCT_BUNDLE_IDENTIFIER = "GA.$(PRODUCT_NAME:rfc1034identifier)";
				PRODUCT_NAME = "$(TARGET_NAME)";
			};
			name = Release;
		};
		7FE260521B5B610A00F3288C /* Debug */ = {
			isa = XCBuildConfiguration;
			buildSettings = {
				BUNDLE_LOADER = "$(TEST_HOST)";
				FRAMEWORK_SEARCH_PATHS = (
					"$(SDKROOT)/Developer/Library/Frameworks",
					"$(inherited)",
				);
				GCC_PREPROCESSOR_DEFINITIONS = (
					"DEBUG=1",
					"$(inherited)",
				);
				INFOPLIST_FILE = BackendServerTests/Info.plist;
				LD_RUNPATH_SEARCH_PATHS = "$(inherited) @executable_path/Frameworks @loader_path/Frameworks";
				PRODUCT_BUNDLE_IDENTIFIER = "GA.$(PRODUCT_NAME:rfc1034identifier)";
				PRODUCT_NAME = "$(TARGET_NAME)";
				TEST_HOST = "$(BUILT_PRODUCTS_DIR)/BackendServer.app/BackendServer";
			};
			name = Debug;
		};
		7FE260531B5B610A00F3288C /* Release */ = {
			isa = XCBuildConfiguration;
			buildSettings = {
				BUNDLE_LOADER = "$(TEST_HOST)";
				FRAMEWORK_SEARCH_PATHS = (
					"$(SDKROOT)/Developer/Library/Frameworks",
					"$(inherited)",
				);
				INFOPLIST_FILE = BackendServerTests/Info.plist;
				LD_RUNPATH_SEARCH_PATHS = "$(inherited) @executable_path/Frameworks @loader_path/Frameworks";
				PRODUCT_BUNDLE_IDENTIFIER = "GA.$(PRODUCT_NAME:rfc1034identifier)";
				PRODUCT_NAME = "$(TARGET_NAME)";
				TEST_HOST = "$(BUILT_PRODUCTS_DIR)/BackendServer.app/BackendServer";
			};
			name = Release;
		};
		C47368851B50458400E97743 /* Debug */ = {
			isa = XCBuildConfiguration;
			buildSettings = {
				ALWAYS_SEARCH_USER_PATHS = NO;
				CLANG_CXX_LANGUAGE_STANDARD = "gnu++0x";
				CLANG_CXX_LIBRARY = "libc++";
				CLANG_ENABLE_MODULES = YES;
				CLANG_ENABLE_OBJC_ARC = YES;
				CLANG_WARN_BOOL_CONVERSION = YES;
				CLANG_WARN_CONSTANT_CONVERSION = YES;
				CLANG_WARN_DIRECT_OBJC_ISA_USAGE = YES_ERROR;
				CLANG_WARN_EMPTY_BODY = YES;
				CLANG_WARN_ENUM_CONVERSION = YES;
				CLANG_WARN_INT_CONVERSION = YES;
				CLANG_WARN_OBJC_ROOT_CLASS = YES_ERROR;
				CLANG_WARN_UNREACHABLE_CODE = YES;
				CLANG_WARN__DUPLICATE_METHOD_MATCH = YES;
				"CODE_SIGN_IDENTITY[sdk=iphoneos*]" = "iPhone Developer";
				COPY_PHASE_STRIP = NO;
				DEBUG_INFORMATION_FORMAT = "dwarf-with-dsym";
				ENABLE_STRICT_OBJC_MSGSEND = YES;
				ENABLE_TESTABILITY = YES;
				GCC_C_LANGUAGE_STANDARD = gnu99;
				GCC_DYNAMIC_NO_PIC = NO;
				GCC_NO_COMMON_BLOCKS = YES;
				GCC_OPTIMIZATION_LEVEL = 0;
				GCC_PREPROCESSOR_DEFINITIONS = (
					"DEBUG=1",
					"$(inherited)",
				);
				GCC_SYMBOLS_PRIVATE_EXTERN = NO;
				GCC_WARN_64_TO_32_BIT_CONVERSION = YES;
				GCC_WARN_ABOUT_RETURN_TYPE = YES_ERROR;
				GCC_WARN_UNDECLARED_SELECTOR = YES;
				GCC_WARN_UNINITIALIZED_AUTOS = YES_AGGRESSIVE;
				GCC_WARN_UNUSED_FUNCTION = YES;
				GCC_WARN_UNUSED_VARIABLE = YES;
				IPHONEOS_DEPLOYMENT_TARGET = 9.0;
				MTL_ENABLE_DEBUG_INFO = YES;
				ONLY_ACTIVE_ARCH = YES;
				SDKROOT = iphoneos;
				SWIFT_OPTIMIZATION_LEVEL = "-Onone";
				TARGETED_DEVICE_FAMILY = "1,2";
			};
			name = Debug;
		};
		C47368861B50458400E97743 /* Release */ = {
			isa = XCBuildConfiguration;
			buildSettings = {
				ALWAYS_SEARCH_USER_PATHS = NO;
				CLANG_CXX_LANGUAGE_STANDARD = "gnu++0x";
				CLANG_CXX_LIBRARY = "libc++";
				CLANG_ENABLE_MODULES = YES;
				CLANG_ENABLE_OBJC_ARC = YES;
				CLANG_WARN_BOOL_CONVERSION = YES;
				CLANG_WARN_CONSTANT_CONVERSION = YES;
				CLANG_WARN_DIRECT_OBJC_ISA_USAGE = YES_ERROR;
				CLANG_WARN_EMPTY_BODY = YES;
				CLANG_WARN_ENUM_CONVERSION = YES;
				CLANG_WARN_INT_CONVERSION = YES;
				CLANG_WARN_OBJC_ROOT_CLASS = YES_ERROR;
				CLANG_WARN_UNREACHABLE_CODE = YES;
				CLANG_WARN__DUPLICATE_METHOD_MATCH = YES;
				"CODE_SIGN_IDENTITY[sdk=iphoneos*]" = "iPhone Developer";
				COPY_PHASE_STRIP = NO;
				DEBUG_INFORMATION_FORMAT = "dwarf-with-dsym";
				ENABLE_NS_ASSERTIONS = NO;
				ENABLE_STRICT_OBJC_MSGSEND = YES;
				GCC_C_LANGUAGE_STANDARD = gnu99;
				GCC_NO_COMMON_BLOCKS = YES;
				GCC_WARN_64_TO_32_BIT_CONVERSION = YES;
				GCC_WARN_ABOUT_RETURN_TYPE = YES_ERROR;
				GCC_WARN_UNDECLARED_SELECTOR = YES;
				GCC_WARN_UNINITIALIZED_AUTOS = YES_AGGRESSIVE;
				GCC_WARN_UNUSED_FUNCTION = YES;
				GCC_WARN_UNUSED_VARIABLE = YES;
				IPHONEOS_DEPLOYMENT_TARGET = 9.0;
				MTL_ENABLE_DEBUG_INFO = NO;
				SDKROOT = iphoneos;
				TARGETED_DEVICE_FAMILY = "1,2";
				VALIDATE_PRODUCT = YES;
			};
			name = Release;
		};
		C47368881B50458400E97743 /* Debug */ = {
			isa = XCBuildConfiguration;
			buildSettings = {
				ASSETCATALOG_COMPILER_APPICON_NAME = AppIcon;
				CLANG_ALLOW_NON_MODULAR_INCLUDES_IN_FRAMEWORK_MODULES = YES;
				FRAMEWORK_SEARCH_PATHS = (
					"$(inherited)",
					"$(PROJECT_DIR)/**",
					"$(PROJECT_DIR)/Frameworks3rdParty",
				);
				HEADER_SEARCH_PATHS = "";
				INFOPLIST_FILE = RateMySnack/Info.plist;
				IPHONEOS_DEPLOYMENT_TARGET = 9.0;
				LD_RUNPATH_SEARCH_PATHS = "$(inherited) @executable_path/Frameworks";
				OTHER_LDFLAGS = (
					"-lsqlite3",
					"-lz",
				);
				PRODUCT_BUNDLE_IDENTIFIER = "code4fun.$(PRODUCT_NAME:rfc1034identifier)";
				PRODUCT_NAME = "$(TARGET_NAME)";
				TARGETED_DEVICE_FAMILY = "1,2";
			};
			name = Debug;
		};
		C47368891B50458400E97743 /* Release */ = {
			isa = XCBuildConfiguration;
			buildSettings = {
				ASSETCATALOG_COMPILER_APPICON_NAME = AppIcon;
				CLANG_ALLOW_NON_MODULAR_INCLUDES_IN_FRAMEWORK_MODULES = YES;
				FRAMEWORK_SEARCH_PATHS = (
					"$(inherited)",
					"$(PROJECT_DIR)/**",
					"$(PROJECT_DIR)/Frameworks3rdParty",
				);
				HEADER_SEARCH_PATHS = "";
				INFOPLIST_FILE = RateMySnack/Info.plist;
				IPHONEOS_DEPLOYMENT_TARGET = 9.0;
				LD_RUNPATH_SEARCH_PATHS = "$(inherited) @executable_path/Frameworks";
				OTHER_LDFLAGS = (
					"-lsqlite3",
					"-lz",
				);
				PRODUCT_BUNDLE_IDENTIFIER = "code4fun.$(PRODUCT_NAME:rfc1034identifier)";
				PRODUCT_NAME = "$(TARGET_NAME)";
				TARGETED_DEVICE_FAMILY = "1,2";
			};
			name = Release;
		};
/* End XCBuildConfiguration section */

/* Begin XCConfigurationList section */
		7FE2604E1B5B610A00F3288C /* Build configuration list for PBXNativeTarget "BackendServer" */ = {
			isa = XCConfigurationList;
			buildConfigurations = (
				7FE2604F1B5B610A00F3288C /* Debug */,
				7FE260501B5B610A00F3288C /* Release */,
			);
			defaultConfigurationIsVisible = 0;
			defaultConfigurationName = Release;
		};
		7FE260511B5B610A00F3288C /* Build configuration list for PBXNativeTarget "BackendServerTests" */ = {
			isa = XCConfigurationList;
			buildConfigurations = (
				7FE260521B5B610A00F3288C /* Debug */,
				7FE260531B5B610A00F3288C /* Release */,
			);
			defaultConfigurationIsVisible = 0;
			defaultConfigurationName = Release;
		};
		C47368631B50458400E97743 /* Build configuration list for PBXProject "RateMySnack" */ = {
			isa = XCConfigurationList;
			buildConfigurations = (
				C47368851B50458400E97743 /* Debug */,
				C47368861B50458400E97743 /* Release */,
			);
			defaultConfigurationIsVisible = 0;
			defaultConfigurationName = Release;
		};
		C47368871B50458400E97743 /* Build configuration list for PBXNativeTarget "RateMySnack" */ = {
			isa = XCConfigurationList;
			buildConfigurations = (
				C47368881B50458400E97743 /* Debug */,
				C47368891B50458400E97743 /* Release */,
			);
			defaultConfigurationIsVisible = 0;
			defaultConfigurationName = Release;
		};
		C473688A1B50458400E97743 /* Build configuration list for PBXNativeTarget "RateMySnackTests" */ = {
			isa = XCConfigurationList;
			buildConfigurations = (
				7FE2600B1B5B5D8100F3288C /* Debug */,
				7FE2600C1B5B5D8100F3288C /* Release */,
			);
			defaultConfigurationIsVisible = 0;
			defaultConfigurationName = Release;
		};
/* End XCConfigurationList section */

/* Begin XCVersionGroup section */
		7F84F9A41BBA034D00D22757 /* ParseVisualModel.xcdatamodeld */ = {
			isa = XCVersionGroup;
			children = (
				7F84F9A51BBA034D00D22757 /* ParseVisualModel.xcdatamodel */,
			);
			currentVersion = 7F84F9A51BBA034D00D22757 /* ParseVisualModel.xcdatamodel */;
			name = ParseVisualModel.xcdatamodeld;
			path = ../BackendServer/ParseVisualModel.xcdatamodeld;
			sourceTree = "<group>";
			versionGroupType = wrapper.xcdatamodel;
		};
/* End XCVersionGroup section */
	};
	rootObject = C47368601B50458400E97743 /* Project object */;
}
